
Microsoft Visual Studio Solution File, Format Version 12.00
# Visual Studio 15
VisualStudioVersion = 15.0.27130.2020
MinimumVisualStudioVersion = 10.0.40219.1
Project("{FAE04EC0-301F-11D3-BF4B-00C04F79EFBC}") = "App5.Android", "App5\App5.Android\App5.Android.csproj", "{63049B19-2835-4CA1-B23D-F52DEE546C31}"
EndProject
Project("{FAE04EC0-301F-11D3-BF4B-00C04F79EFBC}") = "App5.iOS", "App5\App5.iOS\App5.iOS.csproj", "{52214824-0E2F-4AE1-916F-42F787354178}"
EndProject
Project("{FAE04EC0-301F-11D3-BF4B-00C04F79EFBC}") = "App5.UWP", "App5\App5.UWP\App5.UWP.csproj", "{47D57301-8CBF-4A4C-94A1-0ECA70D3FEB6}"
EndProject
Project("{D954291E-2A0B-460D-934E-DC6B0785DB48}") = "App5", "App5\App5\App5.shproj", "{68741A92-07CA-48D9-AE6B-45C4CE9FE4E0}"
EndProject
Global
	GlobalSection(SharedMSBuildProjectFiles) = preSolution
		App5\App5\App5.projitems*{47d57301-8cbf-4a4c-94a1-0eca70d3feb6}*SharedItemsImports = 4
		App5\App5\App5.projitems*{52214824-0e2f-4ae1-916f-42f787354178}*SharedItemsImports = 4
		App5\App5\App5.projitems*{63049b19-2835-4ca1-b23d-f52dee546c31}*SharedItemsImports = 4
		App5\App5\App5.projitems*{68741a92-07ca-48d9-ae6b-45c4ce9fe4e0}*SharedItemsImports = 13
	EndGlobalSection
	GlobalSection(SolutionConfigurationPlatforms) = preSolution
		Ad-Hoc|Any CPU = Ad-Hoc|Any CPU
		Ad-Hoc|ARM = Ad-Hoc|ARM
		Ad-Hoc|iPhone = Ad-Hoc|iPhone
		Ad-Hoc|iPhoneSimulator = Ad-Hoc|iPhoneSimulator
		Ad-Hoc|x64 = Ad-Hoc|x64
		Ad-Hoc|x86 = Ad-Hoc|x86
		AppStore|Any CPU = AppStore|Any CPU
		AppStore|ARM = AppStore|ARM
		AppStore|iPhone = AppStore|iPhone
		AppStore|iPhoneSimulator = AppStore|iPhoneSimulator
		AppStore|x64 = AppStore|x64
		AppStore|x86 = AppStore|x86
		Debug|Any CPU = Debug|Any CPU
		Debug|ARM = Debug|ARM
		Debug|iPhone = Debug|iPhone
		Debug|iPhoneSimulator = Debug|iPhoneSimulator
		Debug|x64 = Debug|x64
		Debug|x86 = Debug|x86
		Release|Any CPU = Release|Any CPU
		Release|ARM = Release|ARM
		Release|iPhone = Release|iPhone
		Release|iPhoneSimulator = Release|iPhoneSimulator
		Release|x64 = Release|x64
		Release|x86 = Release|x86
	EndGlobalSection
	GlobalSection(ProjectConfigurationPlatforms) = postSolution
		{63049B19-2835-4CA1-B23D-F52DEE546C31}.Ad-Hoc|Any CPU.ActiveCfg = Release|Any CPU
		{63049B19-2835-4CA1-B23D-F52DEE546C31}.Ad-Hoc|Any CPU.Build.0 = Release|Any CPU
		{63049B19-2835-4CA1-B23D-F52DEE546C31}.Ad-Hoc|Any CPU.Deploy.0 = Release|Any CPU
		{63049B19-2835-4CA1-B23D-F52DEE546C31}.Ad-Hoc|ARM.ActiveCfg = Release|Any CPU
		{63049B19-2835-4CA1-B23D-F52DEE546C31}.Ad-Hoc|ARM.Build.0 = Release|Any CPU
		{63049B19-2835-4CA1-B23D-F52DEE546C31}.Ad-Hoc|ARM.Deploy.0 = Release|Any CPU
		{63049B19-2835-4CA1-B23D-F52DEE546C31}.Ad-Hoc|iPhone.ActiveCfg = Release|Any CPU
		{63049B19-2835-4CA1-B23D-F52DEE546C31}.Ad-Hoc|iPhone.Build.0 = Release|Any CPU
		{63049B19-2835-4CA1-B23D-F52DEE546C31}.Ad-Hoc|iPhone.Deploy.0 = Release|Any CPU
		{63049B19-2835-4CA1-B23D-F52DEE546C31}.Ad-Hoc|iPhoneSimulator.ActiveCfg = Release|Any CPU
		{63049B19-2835-4CA1-B23D-F52DEE546C31}.Ad-Hoc|iPhoneSimulator.Build.0 = Release|Any CPU
		{63049B19-2835-4CA1-B23D-F52DEE546C31}.Ad-Hoc|iPhoneSimulator.Deploy.0 = Release|Any CPU
		{63049B19-2835-4CA1-B23D-F52DEE546C31}.Ad-Hoc|x64.ActiveCfg = Release|Any CPU
		{63049B19-2835-4CA1-B23D-F52DEE546C31}.Ad-Hoc|x64.Build.0 = Release|Any CPU
		{63049B19-2835-4CA1-B23D-F52DEE546C31}.Ad-Hoc|x64.Deploy.0 = Release|Any CPU
		{63049B19-2835-4CA1-B23D-F52DEE546C31}.Ad-Hoc|x86.ActiveCfg = Release|Any CPU
		{63049B19-2835-4CA1-B23D-F52DEE546C31}.Ad-Hoc|x86.Build.0 = Release|Any CPU
		{63049B19-2835-4CA1-B23D-F52DEE546C31}.Ad-Hoc|x86.Deploy.0 = Release|Any CPU
		{63049B19-2835-4CA1-B23D-F52DEE546C31}.AppStore|Any CPU.ActiveCfg = Release|Any CPU
		{63049B19-2835-4CA1-B23D-F52DEE546C31}.AppStore|Any CPU.Build.0 = Release|Any CPU
		{63049B19-2835-4CA1-B23D-F52DEE546C31}.AppStore|Any CPU.Deploy.0 = Release|Any CPU
		{63049B19-2835-4CA1-B23D-F52DEE546C31}.AppStore|ARM.ActiveCfg = Release|Any CPU
		{63049B19-2835-4CA1-B23D-F52DEE546C31}.AppStore|ARM.Build.0 = Release|Any CPU
		{63049B19-2835-4CA1-B23D-F52DEE546C31}.AppStore|ARM.Deploy.0 = Release|Any CPU
		{63049B19-2835-4CA1-B23D-F52DEE546C31}.AppStore|iPhone.ActiveCfg = Release|Any CPU
		{63049B19-2835-4CA1-B23D-F52DEE546C31}.AppStore|iPhone.Build.0 = Release|Any CPU
		{63049B19-2835-4CA1-B23D-F52DEE546C31}.AppStore|iPhone.Deploy.0 = Release|Any CPU
		{63049B19-2835-4CA1-B23D-F52DEE546C31}.AppStore|iPhoneSimulator.ActiveCfg = Release|Any CPU
		{63049B19-2835-4CA1-B23D-F52DEE546C31}.AppStore|iPhoneSimulator.Build.0 = Release|Any CPU
		{63049B19-2835-4CA1-B23D-F52DEE546C31}.AppStore|iPhoneSimulator.Deploy.0 = Release|Any CPU
		{63049B19-2835-4CA1-B23D-F52DEE546C31}.AppStore|x64.ActiveCfg = Release|Any CPU
		{63049B19-2835-4CA1-B23D-F52DEE546C31}.AppStore|x64.Build.0 = Release|Any CPU
		{63049B19-2835-4CA1-B23D-F52DEE546C31}.AppStore|x64.Deploy.0 = Release|Any CPU
		{63049B19-2835-4CA1-B23D-F52DEE546C31}.AppStore|x86.ActiveCfg = Release|Any CPU
		{63049B19-2835-4CA1-B23D-F52DEE546C31}.AppStore|x86.Build.0 = Release|Any CPU
		{63049B19-2835-4CA1-B23D-F52DEE546C31}.AppStore|x86.Deploy.0 = Release|Any CPU
		{63049B19-2835-4CA1-B23D-F52DEE546C31}.Debug|Any CPU.ActiveCfg = Debug|Any CPU
		{63049B19-2835-4CA1-B23D-F52DEE546C31}.Debug|Any CPU.Build.0 = Debug|Any CPU
		{63049B19-2835-4CA1-B23D-F52DEE546C31}.Debug|Any CPU.Deploy.0 = Debug|Any CPU
		{63049B19-2835-4CA1-B23D-F52DEE546C31}.Debug|ARM.ActiveCfg = Debug|Any CPU
		{63049B19-2835-4CA1-B23D-F52DEE546C31}.Debug|ARM.Build.0 = Debug|Any CPU
		{63049B19-2835-4CA1-B23D-F52DEE546C31}.Debug|ARM.Deploy.0 = Debug|Any CPU
		{63049B19-2835-4CA1-B23D-F52DEE546C31}.Debug|iPhone.ActiveCfg = Debug|Any CPU
		{63049B19-2835-4CA1-B23D-F52DEE546C31}.Debug|iPhone.Build.0 = Debug|Any CPU
		{63049B19-2835-4CA1-B23D-F52DEE546C31}.Debug|iPhone.Deploy.0 = Debug|Any CPU
		{63049B19-2835-4CA1-B23D-F52DEE546C31}.Debug|iPhoneSimulator.ActiveCfg = Debug|Any CPU
		{63049B19-2835-4CA1-B23D-F52DEE546C31}.Debug|iPhoneSimulator.Build.0 = Debug|Any CPU
		{63049B19-2835-4CA1-B23D-F52DEE546C31}.Debug|iPhoneSimulator.Deploy.0 = Debug|Any CPU
		{63049B19-2835-4CA1-B23D-F52DEE546C31}.Debug|x64.ActiveCfg = Debug|Any CPU
		{63049B19-2835-4CA1-B23D-F52DEE546C31}.Debug|x64.Build.0 = Debug|Any CPU
		{63049B19-2835-4CA1-B23D-F52DEE546C31}.Debug|x64.Deploy.0 = Debug|Any CPU
		{63049B19-2835-4CA1-B23D-F52DEE546C31}.Debug|x86.ActiveCfg = Debug|Any CPU
		{63049B19-2835-4CA1-B23D-F52DEE546C31}.Debug|x86.Build.0 = Debug|Any CPU
		{63049B19-2835-4CA1-B23D-F52DEE546C31}.Debug|x86.Deploy.0 = Debug|Any CPU
		{63049B19-2835-4CA1-B23D-F52DEE546C31}.Release|Any CPU.ActiveCfg = Release|Any CPU
		{63049B19-2835-4CA1-B23D-F52DEE546C31}.Release|Any CPU.Build.0 = Release|Any CPU
		{63049B19-2835-4CA1-B23D-F52DEE546C31}.Release|Any CPU.Deploy.0 = Release|Any CPU
		{63049B19-2835-4CA1-B23D-F52DEE546C31}.Release|ARM.ActiveCfg = Release|Any CPU
		{63049B19-2835-4CA1-B23D-F52DEE546C31}.Release|ARM.Build.0 = Release|Any CPU
		{63049B19-2835-4CA1-B23D-F52DEE546C31}.Release|ARM.Deploy.0 = Release|Any CPU
		{63049B19-2835-4CA1-B23D-F52DEE546C31}.Release|iPhone.ActiveCfg = Release|Any CPU
		{63049B19-2835-4CA1-B23D-F52DEE546C31}.Release|iPhone.Build.0 = Release|Any CPU
		{63049B19-2835-4CA1-B23D-F52DEE546C31}.Release|iPhone.Deploy.0 = Release|Any CPU
		{63049B19-2835-4CA1-B23D-F52DEE546C31}.Release|iPhoneSimulator.ActiveCfg = Release|Any CPU
		{63049B19-2835-4CA1-B23D-F52DEE546C31}.Release|iPhoneSimulator.Build.0 = Release|Any CPU
		{63049B19-2835-4CA1-B23D-F52DEE546C31}.Release|iPhoneSimulator.Deploy.0 = Release|Any CPU
		{63049B19-2835-4CA1-B23D-F52DEE546C31}.Release|x64.ActiveCfg = Release|Any CPU
		{63049B19-2835-4CA1-B23D-F52DEE546C31}.Release|x64.Build.0 = Release|Any CPU
		{63049B19-2835-4CA1-B23D-F52DEE546C31}.Release|x64.Deploy.0 = Release|Any CPU
		{63049B19-2835-4CA1-B23D-F52DEE546C31}.Release|x86.ActiveCfg = Release|Any CPU
		{63049B19-2835-4CA1-B23D-F52DEE546C31}.Release|x86.Build.0 = Release|Any CPU
		{63049B19-2835-4CA1-B23D-F52DEE546C31}.Release|x86.Deploy.0 = Release|Any CPU
		{52214824-0E2F-4AE1-916F-42F787354178}.Ad-Hoc|Any CPU.ActiveCfg = Ad-Hoc|iPhone
		{52214824-0E2F-4AE1-916F-42F787354178}.Ad-Hoc|ARM.ActiveCfg = Ad-Hoc|iPhone
		{52214824-0E2F-4AE1-916F-42F787354178}.Ad-Hoc|iPhone.ActiveCfg = Ad-Hoc|iPhone
		{52214824-0E2F-4AE1-916F-42F787354178}.Ad-Hoc|iPhone.Build.0 = Ad-Hoc|iPhone
		{52214824-0E2F-4AE1-916F-42F787354178}.Ad-Hoc|iPhoneSimulator.ActiveCfg = Ad-Hoc|iPhoneSimulator
		{52214824-0E2F-4AE1-916F-42F787354178}.Ad-Hoc|iPhoneSimulator.Build.0 = Ad-Hoc|iPhoneSimulator
		{52214824-0E2F-4AE1-916F-42F787354178}.Ad-Hoc|x64.ActiveCfg = Ad-Hoc|iPhone
		{52214824-0E2F-4AE1-916F-42F787354178}.Ad-Hoc|x86.ActiveCfg = Ad-Hoc|iPhone
		{52214824-0E2F-4AE1-916F-42F787354178}.AppStore|Any CPU.ActiveCfg = AppStore|iPhone
		{52214824-0E2F-4AE1-916F-42F787354178}.AppStore|ARM.ActiveCfg = AppStore|iPhone
		{52214824-0E2F-4AE1-916F-42F787354178}.AppStore|iPhone.ActiveCfg = AppStore|iPhone
		{52214824-0E2F-4AE1-916F-42F787354178}.AppStore|iPhone.Build.0 = AppStore|iPhone
		{52214824-0E2F-4AE1-916F-42F787354178}.AppStore|iPhoneSimulator.ActiveCfg = AppStore|iPhoneSimulator
		{52214824-0E2F-4AE1-916F-42F787354178}.AppStore|iPhoneSimulator.Build.0 = AppStore|iPhoneSimulator
		{52214824-0E2F-4AE1-916F-42F787354178}.AppStore|x64.ActiveCfg = AppStore|iPhone
		{52214824-0E2F-4AE1-916F-42F787354178}.AppStore|x86.ActiveCfg = AppStore|iPhone
		{52214824-0E2F-4AE1-916F-42F787354178}.Debug|Any CPU.ActiveCfg = Debug|iPhone
		{52214824-0E2F-4AE1-916F-42F787354178}.Debug|ARM.ActiveCfg = Debug|iPhone
		{52214824-0E2F-4AE1-916F-42F787354178}.Debug|iPhone.ActiveCfg = Debug|iPhone
		{52214824-0E2F-4AE1-916F-42F787354178}.Debug|iPhone.Build.0 = Debug|iPhone
		{52214824-0E2F-4AE1-916F-42F787354178}.Debug|iPhoneSimulator.ActiveCfg = Debug|iPhoneSimulator
		{52214824-0E2F-4AE1-916F-42F787354178}.Debug|iPhoneSimulator.Build.0 = Debug|iPhoneSimulator
		{52214824-0E2F-4AE1-916F-42F787354178}.Debug|x64.ActiveCfg = Debug|iPhone
		{52214824-0E2F-4AE1-916F-42F787354178}.Debug|x86.ActiveCfg = Debug|iPhone
		{52214824-0E2F-4AE1-916F-42F787354178}.Release|Any CPU.ActiveCfg = Release|iPhone
		{52214824-0E2F-4AE1-916F-42F787354178}.Release|ARM.ActiveCfg = Release|iPhone
		{52214824-0E2F-4AE1-916F-42F787354178}.Release|iPhone.ActiveCfg = Release|iPhone
		{52214824-0E2F-4AE1-916F-42F787354178}.Release|iPhone.Build.0 = Release|iPhone
		{52214824-0E2F-4AE1-916F-42F787354178}.Release|iPhoneSimulator.ActiveCfg = Release|iPhoneSimulator
		{52214824-0E2F-4AE1-916F-42F787354178}.Release|iPhoneSimulator.Build.0 = Release|iPhoneSimulator
		{52214824-0E2F-4AE1-916F-42F787354178}.Release|x64.ActiveCfg = Release|iPhone
		{52214824-0E2F-4AE1-916F-42F787354178}.Release|x86.ActiveCfg = Release|iPhone
		{47D57301-8CBF-4A4C-94A1-0ECA70D3FEB6}.Ad-Hoc|Any CPU.ActiveCfg = Release|x86
		{47D57301-8CBF-4A4C-94A1-0ECA70D3FEB6}.Ad-Hoc|Any CPU.Build.0 = Release|x86
		{47D57301-8CBF-4A4C-94A1-0ECA70D3FEB6}.Ad-Hoc|Any CPU.Deploy.0 = Release|x86
		{47D57301-8CBF-4A4C-94A1-0ECA70D3FEB6}.Ad-Hoc|ARM.ActiveCfg = Release|ARM
		{47D57301-8CBF-4A4C-94A1-0ECA70D3FEB6}.Ad-Hoc|ARM.Build.0 = Release|ARM
		{47D57301-8CBF-4A4C-94A1-0ECA70D3FEB6}.Ad-Hoc|ARM.Deploy.0 = Release|ARM
		{47D57301-8CBF-4A4C-94A1-0ECA70D3FEB6}.Ad-Hoc|iPhone.ActiveCfg = Release|x86
		{47D57301-8CBF-4A4C-94A1-0ECA70D3FEB6}.Ad-Hoc|iPhone.Build.0 = Release|x86
		{47D57301-8CBF-4A4C-94A1-0ECA70D3FEB6}.Ad-Hoc|iPhone.Deploy.0 = Release|x86
		{47D57301-8CBF-4A4C-94A1-0ECA70D3FEB6}.Ad-Hoc|iPhoneSimulator.ActiveCfg = Release|x86
		{47D57301-8CBF-4A4C-94A1-0ECA70D3FEB6}.Ad-Hoc|iPhoneSimulator.Build.0 = Release|x86
		{47D57301-8CBF-4A4C-94A1-0ECA70D3FEB6}.Ad-Hoc|iPhoneSimulator.Deploy.0 = Release|x86
		{47D57301-8CBF-4A4C-94A1-0ECA70D3FEB6}.Ad-Hoc|x64.ActiveCfg = Release|x64
		{47D57301-8CBF-4A4C-94A1-0ECA70D3FEB6}.Ad-Hoc|x64.Build.0 = Release|x64
		{47D57301-8CBF-4A4C-94A1-0ECA70D3FEB6}.Ad-Hoc|x64.Deploy.0 = Release|x64
		{47D57301-8CBF-4A4C-94A1-0ECA70D3FEB6}.Ad-Hoc|x86.ActiveCfg = Release|x86
		{47D57301-8CBF-4A4C-94A1-0ECA70D3FEB6}.Ad-Hoc|x86.Build.0 = Release|x86
		{47D57301-8CBF-4A4C-94A1-0ECA70D3FEB6}.Ad-Hoc|x86.Deploy.0 = Release|x86
		{47D57301-8CBF-4A4C-94A1-0ECA70D3FEB6}.AppStore|Any CPU.ActiveCfg = Release|x86
		{47D57301-8CBF-4A4C-94A1-0ECA70D3FEB6}.AppStore|Any CPU.Build.0 = Release|x86
		{47D57301-8CBF-4A4C-94A1-0ECA70D3FEB6}.AppStore|Any CPU.Deploy.0 = Release|x86
		{47D57301-8CBF-4A4C-94A1-0ECA70D3FEB6}.AppStore|ARM.ActiveCfg = Release|ARM
		{47D57301-8CBF-4A4C-94A1-0ECA70D3FEB6}.AppStore|ARM.Build.0 = Release|ARM
		{47D57301-8CBF-4A4C-94A1-0ECA70D3FEB6}.AppStore|ARM.Deploy.0 = Release|ARM
		{47D57301-8CBF-4A4C-94A1-0ECA70D3FEB6}.AppStore|iPhone.ActiveCfg = Release|x86
		{47D57301-8CBF-4A4C-94A1-0ECA70D3FEB6}.AppStore|iPhone.Build.0 = Release|x86
		{47D57301-8CBF-4A4C-94A1-0ECA70D3FEB6}.AppStore|iPhone.Deploy.0 = Release|x86
		{47D57301-8CBF-4A4C-94A1-0ECA70D3FEB6}.AppStore|iPhoneSimulator.ActiveCfg = Release|x86
		{47D57301-8CBF-4A4C-94A1-0ECA70D3FEB6}.AppStore|iPhoneSimulator.Build.0 = Release|x86
		{47D57301-8CBF-4A4C-94A1-0ECA70D3FEB6}.AppStore|iPhoneSimulator.Deploy.0 = Release|x86
		{47D57301-8CBF-4A4C-94A1-0ECA70D3FEB6}.AppStore|x64.ActiveCfg = Release|x64
		{47D57301-8CBF-4A4C-94A1-0ECA70D3FEB6}.AppStore|x64.Build.0 = Release|x64
		{47D57301-8CBF-4A4C-94A1-0ECA70D3FEB6}.AppStore|x64.Deploy.0 = Release|x64
		{47D57301-8CBF-4A4C-94A1-0ECA70D3FEB6}.AppStore|x86.ActiveCfg = Release|x86
		{47D57301-8CBF-4A4C-94A1-0ECA70D3FEB6}.AppStore|x86.Build.0 = Release|x86
		{47D57301-8CBF-4A4C-94A1-0ECA70D3FEB6}.AppStore|x86.Deploy.0 = Release|x86
		{47D57301-8CBF-4A4C-94A1-0ECA70D3FEB6}.Debug|Any CPU.ActiveCfg = Debug|x86
		{47D57301-8CBF-4A4C-94A1-0ECA70D3FEB6}.Debug|ARM.ActiveCfg = Debug|ARM
		{47D57301-8CBF-4A4C-94A1-0ECA70D3FEB6}.Debug|ARM.Build.0 = Debug|ARM
		{47D57301-8CBF-4A4C-94A1-0ECA70D3FEB6}.Debug|ARM.Deploy.0 = Debug|ARM
		{47D57301-8CBF-4A4C-94A1-0ECA70D3FEB6}.Debug|iPhone.ActiveCfg = Debug|x86
		{47D57301-8CBF-4A4C-94A1-0ECA70D3FEB6}.Debug|iPhoneSimulator.ActiveCfg = Debug|x86
		{47D57301-8CBF-4A4C-94A1-0ECA70D3FEB6}.Debug|x64.ActiveCfg = Debug|x64
		{47D57301-8CBF-4A4C-94A1-0ECA70D3FEB6}.Debug|x64.Build.0 = Debug|x64
		{47D57301-8CBF-4A4C-94A1-0ECA70D3FEB6}.Debug|x64.Deploy.0 = Debug|x64
		{47D57301-8CBF-4A4C-94A1-0ECA70D3FEB6}.Debug|x86.ActiveCfg = Debug|x86
		{47D57301-8CBF-4A4C-94A1-0ECA70D3FEB6}.Debug|x86.Build.0 = Debug|x86
		{47D57301-8CBF-4A4C-94A1-0ECA70D3FEB6}.Debug|x86.Deploy.0 = Debug|x86
		{47D57301-8CBF-4A4C-94A1-0ECA70D3FEB6}.Release|Any CPU.ActiveCfg = Release|x86
		{47D57301-8CBF-4A4C-94A1-0ECA70D3FEB6}.Release|ARM.ActiveCfg = Release|ARM
		{47D57301-8CBF-4A4C-94A1-0ECA70D3FEB6}.Release|ARM.Build.0 = Release|ARM
		{47D57301-8CBF-4A4C-94A1-0ECA70D3FEB6}.Release|ARM.Deploy.0 = Release|ARM
		{47D57301-8CBF-4A4C-94A1-0ECA70D3FEB6}.Release|iPhone.ActiveCfg = Release|x86
		{47D57301-8CBF-4A4C-94A1-0ECA70D3FEB6}.Release|iPhoneSimulator.ActiveCfg = Release|x86
		{47D57301-8CBF-4A4C-94A1-0ECA70D3FEB6}.Release|x64.ActiveCfg = Release|x64
		{47D57301-8CBF-4A4C-94A1-0ECA70D3FEB6}.Release|x64.Build.0 = Release|x64
		{47D57301-8CBF-4A4C-94A1-0ECA70D3FEB6}.Release|x64.Deploy.0 = Release|x64
		{47D57301-8CBF-4A4C-94A1-0ECA70D3FEB6}.Release|x86.ActiveCfg = Release|x86
		{47D57301-8CBF-4A4C-94A1-0ECA70D3FEB6}.Release|x86.Build.0 = Release|x86
		{47D57301-8CBF-4A4C-94A1-0ECA70D3FEB6}.Release|x86.Deploy.0 = Release|x86
	EndGlobalSection
	GlobalSection(SolutionProperties) = preSolution
		HideSolutionNode = FALSE
	EndGlobalSection
	GlobalSection(ExtensibilityGlobals) = postSolution
		SolutionGuid = {16721BCA-A1A0-4DD9-B601-17B769DD1A09}
	EndGlobalSection
EndGlobal
